
Microsoft Visual Studio Solution File, Format Version 12.00
# Visual Studio Version 17
VisualStudioVersion = 17.10.35013.160
MinimumVisualStudioVersion = 10.0.40219.1
Project("{FAE04EC0-301F-11D3-BF4B-00C04F79EFBC}") = "AnkiCardValidator", "AnkiCardValidator\AnkiCardValidator.csproj", "{55013C4B-9A06-4D59-80AD-FBB144524C14}"
EndProject
Global
	GlobalSection(SolutionConfigurationPlatforms) = preSolution
		Debug|Any CPU = Debug|Any CPU
		Release|Any CPU = Release|Any CPU
	EndGlobalSection
	GlobalSection(ProjectConfigurationPlatforms) = postSolution
		{55013C4B-9A06-4D59-80AD-FBB144524C14}.Debug|Any CPU.ActiveCfg = Debug|Any CPU
		{55013C4B-9A06-4D59-80AD-FBB144524C14}.Debug|Any CPU.Build.0 = Debug|Any CPU
		{55013C4B-9A06-4D59-80AD-FBB144524C14}.Release|Any CPU.ActiveCfg = Release|Any CPU
		{55013C4B-9A06-4D59-80AD-FBB144524C14}.Release|Any CPU.Build.0 = Release|Any CPU
	EndGlobalSection
	GlobalSection(SolutionProperties) = preSolution
		HideSolutionNode = FALSE
	EndGlobalSection
	GlobalSection(ExtensibilityGlobals) = postSolution
		SolutionGuid = {377AA7C7-D8BF-49A6-AE30-CD15A27EDD4A}
	EndGlobalSection
EndGlobal
