
Microsoft Visual Studio Solution File, Format Version 12.00
# Visual Studio Version 17
VisualStudioVersion = 17.10.35013.160
MinimumVisualStudioVersion = 10.0.40219.1
Project("{9A19103F-16F7-4668-BE54-9A1E7A4F7556}") = "AnkiCardValidator", "AnkiCardValidator\AnkiCardValidator.csproj", "{55013C4B-9A06-4D59-80AD-FBB144524C14}"
EndProject
Project("{9A19103F-16F7-4668-BE54-9A1E7A4F7556}") = "AnkiCardValidator.Tests", "AnkiCardValidator.Tests\AnkiCardValidator.Tests.csproj", "{45E2FAC6-0D7E-4C95-B6EC-63BA799765FF}"
EndProject
Project("{9A19103F-16F7-4668-BE54-9A1E7A4F7556}") = "UpdateField", "UpdateField\UpdateField.csproj", "{4CC4BFB9-BCCF-453F-9EA4-2C9141777D1B}"
EndProject
Global
	GlobalSection(SolutionConfigurationPlatforms) = preSolution
		Debug|Any CPU = Debug|Any CPU
		Release|Any CPU = Release|Any CPU
	EndGlobalSection
	GlobalSection(ProjectConfigurationPlatforms) = postSolution
		{55013C4B-9A06-4D59-80AD-FBB144524C14}.Debug|Any CPU.ActiveCfg = Debug|Any CPU
		{55013C4B-9A06-4D59-80AD-FBB144524C14}.Debug|Any CPU.Build.0 = Debug|Any CPU
		{55013C4B-9A06-4D59-80AD-FBB144524C14}.Release|Any CPU.ActiveCfg = Release|Any CPU
		{55013C4B-9A06-4D59-80AD-FBB144524C14}.Release|Any CPU.Build.0 = Release|Any CPU
		{45E2FAC6-0D7E-4C95-B6EC-63BA799765FF}.Debug|Any CPU.ActiveCfg = Debug|Any CPU
		{45E2FAC6-0D7E-4C95-B6EC-63BA799765FF}.Debug|Any CPU.Build.0 = Debug|Any CPU
		{45E2FAC6-0D7E-4C95-B6EC-63BA799765FF}.Release|Any CPU.ActiveCfg = Release|Any CPU
		{45E2FAC6-0D7E-4C95-B6EC-63BA799765FF}.Release|Any CPU.Build.0 = Release|Any CPU
		{4CC4BFB9-BCCF-453F-9EA4-2C9141777D1B}.Debug|Any CPU.ActiveCfg = Debug|Any CPU
		{4CC4BFB9-BCCF-453F-9EA4-2C9141777D1B}.Debug|Any CPU.Build.0 = Debug|Any CPU
		{4CC4BFB9-BCCF-453F-9EA4-2C9141777D1B}.Release|Any CPU.ActiveCfg = Release|Any CPU
		{4CC4BFB9-BCCF-453F-9EA4-2C9141777D1B}.Release|Any CPU.Build.0 = Release|Any CPU
	EndGlobalSection
	GlobalSection(SolutionProperties) = preSolution
		HideSolutionNode = FALSE
	EndGlobalSection
	GlobalSection(ExtensibilityGlobals) = postSolution
		SolutionGuid = {377AA7C7-D8BF-49A6-AE30-CD15A27EDD4A}
	EndGlobalSection
EndGlobal
