
Microsoft Visual Studio Solution File, Format Version 12.00
# Visual Studio Version 17
VisualStudioVersion = 17.10.35013.160
MinimumVisualStudioVersion = 10.0.40219.1
Project("{9A19103F-16F7-4668-BE54-9A1E7A4F7556}") = "AnkiCardValidator", "PoC\AnkiCardValidator\AnkiCardValidator.csproj", "{55013C4B-9A06-4D59-80AD-FBB144524C14}"
EndProject
Project("{9A19103F-16F7-4668-BE54-9A1E7A4F7556}") = "AnkiCardValidator.Tests", "PoC\AnkiCardValidator.Tests\AnkiCardValidator.Tests.csproj", "{45E2FAC6-0D7E-4C95-B6EC-63BA799765FF}"
EndProject
Project("{9A19103F-16F7-4668-BE54-9A1E7A4F7556}") = "UpdateField", "PoC\UpdateField\UpdateField.csproj", "{4CC4BFB9-BCCF-453F-9EA4-2C9141777D1B}"
EndProject
Project("{9A19103F-16F7-4668-BE54-9A1E7A4F7556}") = "UpdateField.Tests", "PoC\UpdateField.Tests\UpdateField.Tests.csproj", "{51FE90D5-0E1D-4F95-B19B-7768B3545297}"
EndProject
Project("{9A19103F-16F7-4668-BE54-9A1E7A4F7556}") = "CheapGpt", "PoC\CheapGpt\CheapGpt.csproj", "{24A8DF78-304F-4B89-9747-0DD280277154}"
EndProject
Project("{9A19103F-16F7-4668-BE54-9A1E7A4F7556}") = "CheapGpt.ManualTest", "PoC\CheapGpt.ManualTest\CheapGpt.ManualTest.csproj", "{165E4737-367A-4F4F-B669-C765574A8018}"
EndProject
Project("{9A19103F-16F7-4668-BE54-9A1E7A4F7556}") = "GenerateFlashcards", "GenerateFlashcards\GenerateFlashcards.csproj", "{D6B04758-2620-4750-87F2-56CE9A582B51}"
EndProject
Project("{9A19103F-16F7-4668-BE54-9A1E7A4F7556}") = "GenerateFlashcards.Tests", "GenerateFlashcards.Tests\GenerateFlashcards.Tests.csproj", "{DE167111-5A1A-4E2D-86E0-1A4A65E17616}"
EndProject
Project("{2150E333-8FDC-42A3-9474-1A3956D46DE8}") = "PoC applications", "PoC applications", "{215B0A0F-6AA7-4F53-AFC0-6948C460E53B}"
EndProject
Project("{9A19103F-16F7-4668-BE54-9A1E7A4F7556}") = "CoreLibrary", "CoreLibrary\CoreLibrary.csproj", "{268A1932-D2B0-4500-9C88-19D917286DCD}"
EndProject
Project("{9A19103F-16F7-4668-BE54-9A1E7A4F7556}") = "CoreLibrary.Tests", "CoreLibrary.Tests\CoreLibrary.Tests.csproj", "{D21B791E-569F-48E6-BD4D-871277CA41A7}"
EndProject
Project("{9A19103F-16F7-4668-BE54-9A1E7A4F7556}") = "Anki.NET", "PoC\Anki.NET-fork\Anki.NET.csproj", "{A15C1723-DED5-4351-A081-CACECA57FC21}"
EndProject
Project("{9A19103F-16F7-4668-BE54-9A1E7A4F7556}") = "Anki.Net.TestApp", "PoC\Anki.Net.TestApp\Anki.Net.TestApp.csproj", "{FD622D83-B08C-45BD-9395-F784080B453B}"
EndProject
Project("{9A19103F-16F7-4668-BE54-9A1E7A4F7556}") = "FfmpegHelper", "PoC\FfmpegHelper\FfmpegHelper.csproj", "{F7FE4948-0A5E-4909-8066-42F7D18F8349}"
EndProject
Project("{9A19103F-16F7-4668-BE54-9A1E7A4F7556}") = "SoundEditorControl", "PoC\SoundEditorControl\SoundEditorControl.csproj", "{F301F783-FC4E-4199-BCE1-D59BC4BCB08F}"
EndProject
Project("{9A19103F-16F7-4668-BE54-9A1E7A4F7556}") = "BookToAnki", "PoC\BookToAnki\BookToAnki.csproj", "{5468AE0A-A0B3-429A-8A1A-3A47AF66CF19}"
EndProject
Project("{9A19103F-16F7-4668-BE54-9A1E7A4F7556}") = "BookToAnki.UI", "PoC\BookToAnki.UI\BookToAnki.UI.csproj", "{07E5BBF5-7196-4992-B893-FAC8165EF2A4}"
EndProject
Project("{9A19103F-16F7-4668-BE54-9A1E7A4F7556}") = "BookToAnki.Tests", "PoC\BookToAnki.Tests\BookToAnki.Tests.csproj", "{C5A4A62A-C344-4074-9683-97840FEEC299}"
EndProject
Global
	GlobalSection(SolutionConfigurationPlatforms) = preSolution
		Debug|Any CPU = Debug|Any CPU
		Release|Any CPU = Release|Any CPU
	EndGlobalSection
	GlobalSection(ProjectConfigurationPlatforms) = postSolution
		{55013C4B-9A06-4D59-80AD-FBB144524C14}.Debug|Any CPU.ActiveCfg = Debug|Any CPU
		{55013C4B-9A06-4D59-80AD-FBB144524C14}.Debug|Any CPU.Build.0 = Debug|Any CPU
		{55013C4B-9A06-4D59-80AD-FBB144524C14}.Release|Any CPU.ActiveCfg = Release|Any CPU
		{55013C4B-9A06-4D59-80AD-FBB144524C14}.Release|Any CPU.Build.0 = Release|Any CPU
		{45E2FAC6-0D7E-4C95-B6EC-63BA799765FF}.Debug|Any CPU.ActiveCfg = Debug|Any CPU
		{45E2FAC6-0D7E-4C95-B6EC-63BA799765FF}.Debug|Any CPU.Build.0 = Debug|Any CPU
		{45E2FAC6-0D7E-4C95-B6EC-63BA799765FF}.Release|Any CPU.ActiveCfg = Release|Any CPU
		{45E2FAC6-0D7E-4C95-B6EC-63BA799765FF}.Release|Any CPU.Build.0 = Release|Any CPU
		{4CC4BFB9-BCCF-453F-9EA4-2C9141777D1B}.Debug|Any CPU.ActiveCfg = Debug|Any CPU
		{4CC4BFB9-BCCF-453F-9EA4-2C9141777D1B}.Debug|Any CPU.Build.0 = Debug|Any CPU
		{4CC4BFB9-BCCF-453F-9EA4-2C9141777D1B}.Release|Any CPU.ActiveCfg = Release|Any CPU
		{4CC4BFB9-BCCF-453F-9EA4-2C9141777D1B}.Release|Any CPU.Build.0 = Release|Any CPU
		{51FE90D5-0E1D-4F95-B19B-7768B3545297}.Debug|Any CPU.ActiveCfg = Debug|Any CPU
		{51FE90D5-0E1D-4F95-B19B-7768B3545297}.Debug|Any CPU.Build.0 = Debug|Any CPU
		{51FE90D5-0E1D-4F95-B19B-7768B3545297}.Release|Any CPU.ActiveCfg = Release|Any CPU
		{51FE90D5-0E1D-4F95-B19B-7768B3545297}.Release|Any CPU.Build.0 = Release|Any CPU
		{24A8DF78-304F-4B89-9747-0DD280277154}.Debug|Any CPU.ActiveCfg = Debug|Any CPU
		{24A8DF78-304F-4B89-9747-0DD280277154}.Debug|Any CPU.Build.0 = Debug|Any CPU
		{24A8DF78-304F-4B89-9747-0DD280277154}.Release|Any CPU.ActiveCfg = Release|Any CPU
		{24A8DF78-304F-4B89-9747-0DD280277154}.Release|Any CPU.Build.0 = Release|Any CPU
		{165E4737-367A-4F4F-B669-C765574A8018}.Debug|Any CPU.ActiveCfg = Debug|Any CPU
		{165E4737-367A-4F4F-B669-C765574A8018}.Debug|Any CPU.Build.0 = Debug|Any CPU
		{165E4737-367A-4F4F-B669-C765574A8018}.Release|Any CPU.ActiveCfg = Release|Any CPU
		{165E4737-367A-4F4F-B669-C765574A8018}.Release|Any CPU.Build.0 = Release|Any CPU
		{D6B04758-2620-4750-87F2-56CE9A582B51}.Debug|Any CPU.ActiveCfg = Debug|Any CPU
		{D6B04758-2620-4750-87F2-56CE9A582B51}.Debug|Any CPU.Build.0 = Debug|Any CPU
		{D6B04758-2620-4750-87F2-56CE9A582B51}.Release|Any CPU.ActiveCfg = Release|Any CPU
		{D6B04758-2620-4750-87F2-56CE9A582B51}.Release|Any CPU.Build.0 = Release|Any CPU
		{DE167111-5A1A-4E2D-86E0-1A4A65E17616}.Debug|Any CPU.ActiveCfg = Debug|Any CPU
		{DE167111-5A1A-4E2D-86E0-1A4A65E17616}.Debug|Any CPU.Build.0 = Debug|Any CPU
		{DE167111-5A1A-4E2D-86E0-1A4A65E17616}.Release|Any CPU.ActiveCfg = Release|Any CPU
		{DE167111-5A1A-4E2D-86E0-1A4A65E17616}.Release|Any CPU.Build.0 = Release|Any CPU
		{268A1932-D2B0-4500-9C88-19D917286DCD}.Debug|Any CPU.ActiveCfg = Debug|Any CPU
		{268A1932-D2B0-4500-9C88-19D917286DCD}.Debug|Any CPU.Build.0 = Debug|Any CPU
		{268A1932-D2B0-4500-9C88-19D917286DCD}.Release|Any CPU.ActiveCfg = Release|Any CPU
		{268A1932-D2B0-4500-9C88-19D917286DCD}.Release|Any CPU.Build.0 = Release|Any CPU
		{D21B791E-569F-48E6-BD4D-871277CA41A7}.Debug|Any CPU.ActiveCfg = Debug|Any CPU
		{D21B791E-569F-48E6-BD4D-871277CA41A7}.Debug|Any CPU.Build.0 = Debug|Any CPU
		{D21B791E-569F-48E6-BD4D-871277CA41A7}.Release|Any CPU.ActiveCfg = Release|Any CPU
		{D21B791E-569F-48E6-BD4D-871277CA41A7}.Release|Any CPU.Build.0 = Release|Any CPU
		{A15C1723-DED5-4351-A081-CACECA57FC21}.Debug|Any CPU.ActiveCfg = Debug|Any CPU
		{A15C1723-DED5-4351-A081-CACECA57FC21}.Debug|Any CPU.Build.0 = Debug|Any CPU
		{A15C1723-DED5-4351-A081-CACECA57FC21}.Release|Any CPU.ActiveCfg = Release|Any CPU
		{A15C1723-DED5-4351-A081-CACECA57FC21}.Release|Any CPU.Build.0 = Release|Any CPU
		{FD622D83-B08C-45BD-9395-F784080B453B}.Debug|Any CPU.ActiveCfg = Debug|Any CPU
		{FD622D83-B08C-45BD-9395-F784080B453B}.Debug|Any CPU.Build.0 = Debug|Any CPU
		{FD622D83-B08C-45BD-9395-F784080B453B}.Release|Any CPU.ActiveCfg = Release|Any CPU
		{FD622D83-B08C-45BD-9395-F784080B453B}.Release|Any CPU.Build.0 = Release|Any CPU
		{F7FE4948-0A5E-4909-8066-42F7D18F8349}.Debug|Any CPU.ActiveCfg = Debug|Any CPU
		{F7FE4948-0A5E-4909-8066-42F7D18F8349}.Debug|Any CPU.Build.0 = Debug|Any CPU
		{F7FE4948-0A5E-4909-8066-42F7D18F8349}.Release|Any CPU.ActiveCfg = Release|Any CPU
		{F7FE4948-0A5E-4909-8066-42F7D18F8349}.Release|Any CPU.Build.0 = Release|Any CPU
		{F301F783-FC4E-4199-BCE1-D59BC4BCB08F}.Debug|Any CPU.ActiveCfg = Debug|Any CPU
		{F301F783-FC4E-4199-BCE1-D59BC4BCB08F}.Debug|Any CPU.Build.0 = Debug|Any CPU
		{F301F783-FC4E-4199-BCE1-D59BC4BCB08F}.Release|Any CPU.ActiveCfg = Release|Any CPU
		{F301F783-FC4E-4199-BCE1-D59BC4BCB08F}.Release|Any CPU.Build.0 = Release|Any CPU
		{5468AE0A-A0B3-429A-8A1A-3A47AF66CF19}.Debug|Any CPU.ActiveCfg = Debug|Any CPU
		{5468AE0A-A0B3-429A-8A1A-3A47AF66CF19}.Debug|Any CPU.Build.0 = Debug|Any CPU
		{5468AE0A-A0B3-429A-8A1A-3A47AF66CF19}.Release|Any CPU.ActiveCfg = Release|Any CPU
		{5468AE0A-A0B3-429A-8A1A-3A47AF66CF19}.Release|Any CPU.Build.0 = Release|Any CPU
		{07E5BBF5-7196-4992-B893-FAC8165EF2A4}.Debug|Any CPU.ActiveCfg = Debug|Any CPU
		{07E5BBF5-7196-4992-B893-FAC8165EF2A4}.Debug|Any CPU.Build.0 = Debug|Any CPU
		{07E5BBF5-7196-4992-B893-FAC8165EF2A4}.Release|Any CPU.ActiveCfg = Release|Any CPU
		{07E5BBF5-7196-4992-B893-FAC8165EF2A4}.Release|Any CPU.Build.0 = Release|Any CPU
		{C5A4A62A-C344-4074-9683-97840FEEC299}.Debug|Any CPU.ActiveCfg = Debug|Any CPU
		{C5A4A62A-C344-4074-9683-97840FEEC299}.Debug|Any CPU.Build.0 = Debug|Any CPU
		{C5A4A62A-C344-4074-9683-97840FEEC299}.Release|Any CPU.ActiveCfg = Release|Any CPU
		{C5A4A62A-C344-4074-9683-97840FEEC299}.Release|Any CPU.Build.0 = Release|Any CPU
	EndGlobalSection
	GlobalSection(SolutionProperties) = preSolution
		HideSolutionNode = FALSE
	EndGlobalSection
	GlobalSection(NestedProjects) = preSolution
		{55013C4B-9A06-4D59-80AD-FBB144524C14} = {215B0A0F-6AA7-4F53-AFC0-6948C460E53B}
		{45E2FAC6-0D7E-4C95-B6EC-63BA799765FF} = {215B0A0F-6AA7-4F53-AFC0-6948C460E53B}
		{4CC4BFB9-BCCF-453F-9EA4-2C9141777D1B} = {215B0A0F-6AA7-4F53-AFC0-6948C460E53B}
		{51FE90D5-0E1D-4F95-B19B-7768B3545297} = {215B0A0F-6AA7-4F53-AFC0-6948C460E53B}
		{24A8DF78-304F-4B89-9747-0DD280277154} = {215B0A0F-6AA7-4F53-AFC0-6948C460E53B}
		{165E4737-367A-4F4F-B669-C765574A8018} = {215B0A0F-6AA7-4F53-AFC0-6948C460E53B}
		{A15C1723-DED5-4351-A081-CACECA57FC21} = {215B0A0F-6AA7-4F53-AFC0-6948C460E53B}
		{FD622D83-B08C-45BD-9395-F784080B453B} = {215B0A0F-6AA7-4F53-AFC0-6948C460E53B}
		{F7FE4948-0A5E-4909-8066-42F7D18F8349} = {215B0A0F-6AA7-4F53-AFC0-6948C460E53B}
		{F301F783-FC4E-4199-BCE1-D59BC4BCB08F} = {215B0A0F-6AA7-4F53-AFC0-6948C460E53B}
		{5468AE0A-A0B3-429A-8A1A-3A47AF66CF19} = {215B0A0F-6AA7-4F53-AFC0-6948C460E53B}
		{07E5BBF5-7196-4992-B893-FAC8165EF2A4} = {215B0A0F-6AA7-4F53-AFC0-6948C460E53B}
		{C5A4A62A-C344-4074-9683-97840FEEC299} = {215B0A0F-6AA7-4F53-AFC0-6948C460E53B}
	EndGlobalSection
	GlobalSection(ExtensibilityGlobals) = postSolution
		SolutionGuid = {377AA7C7-D8BF-49A6-AE30-CD15A27EDD4A}
	EndGlobalSection
EndGlobal
