
Microsoft Visual Studio Solution File, Format Version 12.00
# Visual Studio Version 17
VisualStudioVersion = 17.10.35013.160
MinimumVisualStudioVersion = 10.0.40219.1
Project("{9A19103F-16F7-4668-BE54-9A1E7A4F7556}") = "AnkiCardValidator", "AnkiCardValidator\AnkiCardValidator.csproj", "{55013C4B-9A06-4D59-80AD-FBB144524C14}"
EndProject
Project("{9A19103F-16F7-4668-BE54-9A1E7A4F7556}") = "AnkiCardValidator.Tests", "AnkiCardValidator.Tests\AnkiCardValidator.Tests.csproj", "{45E2FAC6-0D7E-4C95-B6EC-63BA799765FF}"
EndProject
Project("{9A19103F-16F7-4668-BE54-9A1E7A4F7556}") = "UpdateField", "UpdateField\UpdateField.csproj", "{4CC4BFB9-BCCF-453F-9EA4-2C9141777D1B}"
EndProject
Project("{9A19103F-16F7-4668-BE54-9A1E7A4F7556}") = "UpdateField.Tests", "UpdateField.Tests\UpdateField.Tests.csproj", "{51FE90D5-0E1D-4F95-B19B-7768B3545297}"
EndProject
Project("{9A19103F-16F7-4668-BE54-9A1E7A4F7556}") = "CheapGpt", "CheapGpt\CheapGpt.csproj", "{24A8DF78-304F-4B89-9747-0DD280277154}"
EndProject
Project("{9A19103F-16F7-4668-BE54-9A1E7A4F7556}") = "CheapGpt.ManualTest", "CheapGpt.ManualTest\CheapGpt.ManualTest.csproj", "{165E4737-367A-4F4F-B669-C765574A8018}"
EndProject
Project("{9A19103F-16F7-4668-BE54-9A1E7A4F7556}") = "GenerateFlashcards", "GenerateFlashcards\GenerateFlashcards.csproj", "{D6B04758-2620-4750-87F2-56CE9A582B51}"
EndProject
Project("{9A19103F-16F7-4668-BE54-9A1E7A4F7556}") = "GenerateFlashcards.Tests", "GenerateFlashcards.Tests\GenerateFlashcards.Tests.csproj", "{DE167111-5A1A-4E2D-86E0-1A4A65E17616}"
EndProject
Project("{2150E333-8FDC-42A3-9474-1A3956D46DE8}") = "ProofOfConceptProjects", "ProofOfConceptProjects", "{215B0A0F-6AA7-4F53-AFC0-6948C460E53B}"
EndProject
Project("{9A19103F-16F7-4668-BE54-9A1E7A4F7556}") = "CoreLibrary", "CoreLibrary\CoreLibrary.csproj", "{268A1932-D2B0-4500-9C88-19D917286DCD}"
EndProject
Project("{2150E333-8FDC-42A3-9474-1A3956D46DE8}") = "BuildingBlocks", "BuildingBlocks", "{C66A7E81-A23D-4502-B184-B11FB72D37E0}"
EndProject
Project("{2150E333-8FDC-42A3-9474-1A3956D46DE8}") = "WordsExtractors", "WordsExtractors", "{0FD7DB02-2506-478D-94DA-BDCE77FFA165}"
EndProject
Project("{2150E333-8FDC-42A3-9474-1A3956D46DE8}") = "FlashcardsExtenders", "FlashcardsExtenders", "{BCC7B43C-CE6A-4E72-A97A-5D897E241C09}"
EndProject
Project("{2150E333-8FDC-42A3-9474-1A3956D46DE8}") = "FlashcardValidators", "FlashcardValidators", "{849C9552-9608-426E-84E9-C045DF01E756}"
EndProject
Project("{2150E333-8FDC-42A3-9474-1A3956D46DE8}") = "OutputGenerators", "OutputGenerators", "{BC438ECB-99A4-4724-B4BB-4C5BD1147A19}"
EndProject
Project("{9A19103F-16F7-4668-BE54-9A1E7A4F7556}") = "ReferenceImplementations", "ReferenceImplementations\ReferenceImplementations.csproj", "{396B09C4-C99B-456A-A4FB-3CED0662AC2C}"
EndProject
Global
	GlobalSection(SolutionConfigurationPlatforms) = preSolution
		Debug|Any CPU = Debug|Any CPU
		Release|Any CPU = Release|Any CPU
	EndGlobalSection
	GlobalSection(ProjectConfigurationPlatforms) = postSolution
		{55013C4B-9A06-4D59-80AD-FBB144524C14}.Debug|Any CPU.ActiveCfg = Debug|Any CPU
		{55013C4B-9A06-4D59-80AD-FBB144524C14}.Debug|Any CPU.Build.0 = Debug|Any CPU
		{55013C4B-9A06-4D59-80AD-FBB144524C14}.Release|Any CPU.ActiveCfg = Release|Any CPU
		{55013C4B-9A06-4D59-80AD-FBB144524C14}.Release|Any CPU.Build.0 = Release|Any CPU
		{45E2FAC6-0D7E-4C95-B6EC-63BA799765FF}.Debug|Any CPU.ActiveCfg = Debug|Any CPU
		{45E2FAC6-0D7E-4C95-B6EC-63BA799765FF}.Debug|Any CPU.Build.0 = Debug|Any CPU
		{45E2FAC6-0D7E-4C95-B6EC-63BA799765FF}.Release|Any CPU.ActiveCfg = Release|Any CPU
		{45E2FAC6-0D7E-4C95-B6EC-63BA799765FF}.Release|Any CPU.Build.0 = Release|Any CPU
		{4CC4BFB9-BCCF-453F-9EA4-2C9141777D1B}.Debug|Any CPU.ActiveCfg = Debug|Any CPU
		{4CC4BFB9-BCCF-453F-9EA4-2C9141777D1B}.Debug|Any CPU.Build.0 = Debug|Any CPU
		{4CC4BFB9-BCCF-453F-9EA4-2C9141777D1B}.Release|Any CPU.ActiveCfg = Release|Any CPU
		{4CC4BFB9-BCCF-453F-9EA4-2C9141777D1B}.Release|Any CPU.Build.0 = Release|Any CPU
		{51FE90D5-0E1D-4F95-B19B-7768B3545297}.Debug|Any CPU.ActiveCfg = Debug|Any CPU
		{51FE90D5-0E1D-4F95-B19B-7768B3545297}.Debug|Any CPU.Build.0 = Debug|Any CPU
		{51FE90D5-0E1D-4F95-B19B-7768B3545297}.Release|Any CPU.ActiveCfg = Release|Any CPU
		{51FE90D5-0E1D-4F95-B19B-7768B3545297}.Release|Any CPU.Build.0 = Release|Any CPU
		{24A8DF78-304F-4B89-9747-0DD280277154}.Debug|Any CPU.ActiveCfg = Debug|Any CPU
		{24A8DF78-304F-4B89-9747-0DD280277154}.Debug|Any CPU.Build.0 = Debug|Any CPU
		{24A8DF78-304F-4B89-9747-0DD280277154}.Release|Any CPU.ActiveCfg = Release|Any CPU
		{24A8DF78-304F-4B89-9747-0DD280277154}.Release|Any CPU.Build.0 = Release|Any CPU
		{165E4737-367A-4F4F-B669-C765574A8018}.Debug|Any CPU.ActiveCfg = Debug|Any CPU
		{165E4737-367A-4F4F-B669-C765574A8018}.Debug|Any CPU.Build.0 = Debug|Any CPU
		{165E4737-367A-4F4F-B669-C765574A8018}.Release|Any CPU.ActiveCfg = Release|Any CPU
		{165E4737-367A-4F4F-B669-C765574A8018}.Release|Any CPU.Build.0 = Release|Any CPU
		{D6B04758-2620-4750-87F2-56CE9A582B51}.Debug|Any CPU.ActiveCfg = Debug|Any CPU
		{D6B04758-2620-4750-87F2-56CE9A582B51}.Debug|Any CPU.Build.0 = Debug|Any CPU
		{D6B04758-2620-4750-87F2-56CE9A582B51}.Release|Any CPU.ActiveCfg = Release|Any CPU
		{D6B04758-2620-4750-87F2-56CE9A582B51}.Release|Any CPU.Build.0 = Release|Any CPU
		{DE167111-5A1A-4E2D-86E0-1A4A65E17616}.Debug|Any CPU.ActiveCfg = Debug|Any CPU
		{DE167111-5A1A-4E2D-86E0-1A4A65E17616}.Debug|Any CPU.Build.0 = Debug|Any CPU
		{DE167111-5A1A-4E2D-86E0-1A4A65E17616}.Release|Any CPU.ActiveCfg = Release|Any CPU
		{DE167111-5A1A-4E2D-86E0-1A4A65E17616}.Release|Any CPU.Build.0 = Release|Any CPU
		{268A1932-D2B0-4500-9C88-19D917286DCD}.Debug|Any CPU.ActiveCfg = Debug|Any CPU
		{268A1932-D2B0-4500-9C88-19D917286DCD}.Debug|Any CPU.Build.0 = Debug|Any CPU
		{268A1932-D2B0-4500-9C88-19D917286DCD}.Release|Any CPU.ActiveCfg = Release|Any CPU
		{268A1932-D2B0-4500-9C88-19D917286DCD}.Release|Any CPU.Build.0 = Release|Any CPU
		{396B09C4-C99B-456A-A4FB-3CED0662AC2C}.Debug|Any CPU.ActiveCfg = Debug|Any CPU
		{396B09C4-C99B-456A-A4FB-3CED0662AC2C}.Debug|Any CPU.Build.0 = Debug|Any CPU
		{396B09C4-C99B-456A-A4FB-3CED0662AC2C}.Release|Any CPU.ActiveCfg = Release|Any CPU
		{396B09C4-C99B-456A-A4FB-3CED0662AC2C}.Release|Any CPU.Build.0 = Release|Any CPU
	EndGlobalSection
	GlobalSection(SolutionProperties) = preSolution
		HideSolutionNode = FALSE
	EndGlobalSection
	GlobalSection(NestedProjects) = preSolution
		{55013C4B-9A06-4D59-80AD-FBB144524C14} = {215B0A0F-6AA7-4F53-AFC0-6948C460E53B}
		{45E2FAC6-0D7E-4C95-B6EC-63BA799765FF} = {215B0A0F-6AA7-4F53-AFC0-6948C460E53B}
		{4CC4BFB9-BCCF-453F-9EA4-2C9141777D1B} = {215B0A0F-6AA7-4F53-AFC0-6948C460E53B}
		{51FE90D5-0E1D-4F95-B19B-7768B3545297} = {215B0A0F-6AA7-4F53-AFC0-6948C460E53B}
		{24A8DF78-304F-4B89-9747-0DD280277154} = {215B0A0F-6AA7-4F53-AFC0-6948C460E53B}
		{165E4737-367A-4F4F-B669-C765574A8018} = {215B0A0F-6AA7-4F53-AFC0-6948C460E53B}
		{0FD7DB02-2506-478D-94DA-BDCE77FFA165} = {C66A7E81-A23D-4502-B184-B11FB72D37E0}
		{BCC7B43C-CE6A-4E72-A97A-5D897E241C09} = {C66A7E81-A23D-4502-B184-B11FB72D37E0}
		{849C9552-9608-426E-84E9-C045DF01E756} = {C66A7E81-A23D-4502-B184-B11FB72D37E0}
		{BC438ECB-99A4-4724-B4BB-4C5BD1147A19} = {C66A7E81-A23D-4502-B184-B11FB72D37E0}
		{396B09C4-C99B-456A-A4FB-3CED0662AC2C} = {C66A7E81-A23D-4502-B184-B11FB72D37E0}
	EndGlobalSection
	GlobalSection(ExtensibilityGlobals) = postSolution
		SolutionGuid = {377AA7C7-D8BF-49A6-AE30-CD15A27EDD4A}
	EndGlobalSection
EndGlobal
